github.com/IceWhaleTech/CasaOS-Common v0.4.10 h1:CEz9Hebou9/OlFPvH28ZcjURljxi99T+W0JYZveDKIM=
github.com/IceWhaleTech/CasaOS-Common v0.4.10/go.mod h1:513p+6RXPBFr98GQZbY1TCyt6Q0jWiuK6vh+gBTmNwA=
github.com/maldikhan/go.socket.io v0.0.4 h1:vpbvK8Ks4YDM1GnqX4ynit2EvjjaxI+HoXryHzOdw6M=
github.com/maldikhan/go.socket.io v0.0.4/go.mod h1:H1EoWDJvqfV2WryM8F9og6ZkH7NsZDlHr0BRkKb58tY=
github.com/rfyiamcool/backoff v1.1.0 h1:p7J7H2XGPedoD4P0lK7msSnHYz8AW7P/DW6ZIju+oP4=
github.com/rfyiamcool/backoff v1.1.0/go.mod h1:h0fxXIAsQcqeR8s9YLQjoLFOSazfQQCaQC24tL0yXkI=
github.com/samber/lo v1.38.1 h1:j2XEAqXKb09Am4ebOg31SpvzUTTs6EN3VfgeLUhPdXM=
github.com/samber/lo v1.38.1/go.mod h1:+m/ZKRl6ClXCE2Lgf3MsQlWfh4bn1bz6CXEOxnEXnEA=
go.uber.org/atomic v1.10.0 h1:9qC72Qh0+3MqyJbAn8YU5xVq1frD8bn3JtD2oXtafVQ=
go.uber.org/atomic v1.10.0/go.mod h1:LUxbIzbOniOlMKjJjyPfpl4v+PKK2cNJn91OQbhoJI0=
go.uber.org/multierr v1.11.0 h1:blXXJkSxSSfBVBlC76pxqeO+LN3aDfLQo+309xJstO0=
go.uber.org/multierr v1.11.0/go.mod h1:20+QtiLqy0Nd6FdQB9TLXag12DsQkrbs3htMFfDN80Y=
go.uber.org/zap v1.24.0 h1:FiJd5l1UOLj0wCgbSE0rwwXHzEdAZS6hiiSnxJN/D60=
go.uber.org/zap v1.24.0/go.mod h1:2kMP+WWQ8aoFoedH3T2sq6iJ2yDWpHbP0f6MQbS9Gkg=
golang.org/x/exp v0.0.0-20220303212507-bbda1eaf7a17 h1:3MTrJm4PyNL9NBqvYDSj3DHl46qQakyfqfWo4jgfaEM=
golang.org/x/exp v0.0.0-20220303212507-bbda1eaf7a17/go.mod h1:lgLbSvA5ygNOMpwM/9anMpWVlVJ7Z+cHWq/eFuinpGE=
golang.org/x/net v0.33.0 h1:74SYHlV8BIgHIFC/LrYkOGIwL19eTYXQ5wc6TBuO36I=
golang.org/x/net v0.33.0/go.mod h1:HXLR5J+9DxmrqMwG9qjGCxZ+zKXxBru04zlTvWlWuN4=
gopkg.in/natefinch/lumberjack.v2 v2.2.1 h1:bBRl1b0OH9s/DuPhuXpNl+VtCaJXFZ5/uEFST95x9zc=
gopkg.in/natefinch/lumberjack.v2 v2.2.1/go.mod h1:YD8tP3GAjkrDg1eZH7EGmyESg/lsYskCTPBJVb9jqSc=
